
Microsoft Visual Studio Solution File, Format Version 12.00
# Visual Studio Version 16
VisualStudioVersion = 16.0.29418.71
MinimumVisualStudioVersion = 10.0.40219.1
Project("{9092AA53-FB77-4645-B42D-1CCCA6BD08BD}") = "paypal_assessment_trial_5", "paypal_assessment_trial_5.njsproj", "{09EFA252-AE14-4803-A0E8-186218F3108C}"
EndProject
Global
	GlobalSection(SolutionConfigurationPlatforms) = preSolution
		Debug|Any CPU = Debug|Any CPU
		Release|Any CPU = Release|Any CPU
	EndGlobalSection
	GlobalSection(ProjectConfigurationPlatforms) = postSolution
		{09EFA252-AE14-4803-A0E8-186218F3108C}.Debug|Any CPU.ActiveCfg = Debug|Any CPU
		{09EFA252-AE14-4803-A0E8-186218F3108C}.Debug|Any CPU.Build.0 = Debug|Any CPU
		{09EFA252-AE14-4803-A0E8-186218F3108C}.Release|Any CPU.ActiveCfg = Release|Any CPU
		{09EFA252-AE14-4803-A0E8-186218F3108C}.Release|Any CPU.Build.0 = Release|Any CPU
	EndGlobalSection
	GlobalSection(SolutionProperties) = preSolution
		HideSolutionNode = FALSE
	EndGlobalSection
	GlobalSection(ExtensibilityGlobals) = postSolution
		SolutionGuid = {4FBF94B9-9705-41F2-A7F9-E131A042588C}
	EndGlobalSection
EndGlobal
